{
  "version": 4,
  "terraform_version": "1.5.3",
  "serial": 14,
  "lineage": "8d0af499-3f4a-7abe-ebf6-2734310be2bb",
  "outputs": {},
  "resources": [
    {
      "mode": "managed",
      "type": "azurerm_availability_set",
      "name": "main",
      "provider": "provider[\"registry.terraform.io/hashicorp/azurerm\"]",
      "instances": []
    },
    {
      "mode": "managed",
      "type": "azurerm_lb",
      "name": "main",
      "provider": "provider[\"registry.terraform.io/hashicorp/azurerm\"]",
      "instances": [
        {
          "schema_version": 0,
          "attributes": {
            "edge_zone": "",
            "frontend_ip_configuration": [
              {
                "gateway_load_balancer_frontend_ip_configuration_id": "",
                "id": "/subscriptions/ad6befd3-6a77-4714-b24d-181b38cb2753/resourceGroups/Azuredevops/providers/Microsoft.Network/loadBalancers/vinhpn-load-balancer/frontendIPConfigurations/vinhpn-frontend-ip",
                "inbound_nat_rules": [],
                "load_balancer_rules": [],
                "name": "vinhpn-frontend-ip",
                "outbound_rules": [],
                "private_ip_address": "",
                "private_ip_address_allocation": "Dynamic",
                "private_ip_address_version": "",
                "public_ip_address_id": "/subscriptions/ad6befd3-6a77-4714-b24d-181b38cb2753/resourceGroups/Azuredevops/providers/Microsoft.Network/publicIPAddresses/vinhpn-public-ip",
                "public_ip_prefix_id": "",
                "subnet_id": "",
                "zones": null
              }
            ],
            "id": "/subscriptions/ad6befd3-6a77-4714-b24d-181b38cb2753/resourceGroups/Azuredevops/providers/Microsoft.Network/loadBalancers/vinhpn-load-balancer",
            "location": "eastus",
            "name": "vinhpn-load-balancer",
            "private_ip_address": "",
            "private_ip_addresses": [],
            "resource_group_name": "Azuredevops",
            "sku": "Basic",
            "sku_tier": "Regional",
            "tags": {
              "Owner": "VinhPN"
            },
            "timeouts": null
          },
          "sensitive_attributes": [],
          "private": "eyJlMmJmYjczMC1lY2FhLTExZTYtOGY4OC0zNDM2M2JjN2M0YzAiOnsiY3JlYXRlIjoxODAwMDAwMDAwMDAwLCJkZWxldGUiOjE4MDAwMDAwMDAwMDAsInJlYWQiOjMwMDAwMDAwMDAwMCwidXBkYXRlIjoxODAwMDAwMDAwMDAwfX0=",
          "dependencies": [
            "azurerm_public_ip.main"
          ]
        }
      ]
    },
    {
      "mode": "managed",
      "type": "azurerm_lb_backend_address_pool",
      "name": "main",
      "provider": "provider[\"registry.terraform.io/hashicorp/azurerm\"]",
      "instances": [
        {
          "schema_version": 0,
          "attributes": {
            "backend_ip_configurations": [],
            "id": "/subscriptions/ad6befd3-6a77-4714-b24d-181b38cb2753/resourceGroups/Azuredevops/providers/Microsoft.Network/loadBalancers/vinhpn-load-balancer/backendAddressPools/vinhpn-backend-address-pool",
            "inbound_nat_rules": [],
            "load_balancing_rules": [],
            "loadbalancer_id": "/subscriptions/ad6befd3-6a77-4714-b24d-181b38cb2753/resourceGroups/Azuredevops/providers/Microsoft.Network/loadBalancers/vinhpn-load-balancer",
            "name": "vinhpn-backend-address-pool",
            "outbound_rules": [],
            "timeouts": null,
            "tunnel_interface": [],
            "virtual_network_id": ""
          },
          "sensitive_attributes": [],
          "private": "eyJlMmJmYjczMC1lY2FhLTExZTYtOGY4OC0zNDM2M2JjN2M0YzAiOnsiY3JlYXRlIjoxODAwMDAwMDAwMDAwLCJkZWxldGUiOjE4MDAwMDAwMDAwMDAsInJlYWQiOjMwMDAwMDAwMDAwMCwidXBkYXRlIjoxODAwMDAwMDAwMDAwfX0=",
          "dependencies": [
            "azurerm_lb.main",
            "azurerm_public_ip.main"
          ]
        }
      ]
    },
    {
      "mode": "managed",
      "type": "azurerm_lb_rule",
      "name": "main",
      "provider": "provider[\"registry.terraform.io/hashicorp/azurerm\"]",
      "instances": [
        {
          "schema_version": 0,
          "attributes": {
            "backend_address_pool_ids": [
              "/subscriptions/ad6befd3-6a77-4714-b24d-181b38cb2753/resourceGroups/Azuredevops/providers/Microsoft.Network/loadBalancers/vinhpn-load-balancer/backendAddressPools/vinhpn-backend-address-pool"
            ],
            "backend_port": 80,
            "disable_outbound_snat": false,
            "enable_floating_ip": false,
            "enable_tcp_reset": false,
            "frontend_ip_configuration_id": "/subscriptions/ad6befd3-6a77-4714-b24d-181b38cb2753/resourceGroups/Azuredevops/providers/Microsoft.Network/loadBalancers/vinhpn-load-balancer/frontendIPConfigurations/vinhpn-frontend-ip",
            "frontend_ip_configuration_name": "vinhpn-frontend-ip",
            "frontend_port": 8080,
            "id": "/subscriptions/ad6befd3-6a77-4714-b24d-181b38cb2753/resourceGroups/Azuredevops/providers/Microsoft.Network/loadBalancers/vinhpn-load-balancer/loadBalancingRules/vinhpn-load-balancer-rule",
            "idle_timeout_in_minutes": 4,
            "load_distribution": "Default",
            "loadbalancer_id": "/subscriptions/ad6befd3-6a77-4714-b24d-181b38cb2753/resourceGroups/Azuredevops/providers/Microsoft.Network/loadBalancers/vinhpn-load-balancer",
            "name": "vinhpn-load-balancer-rule",
            "probe_id": "",
            "protocol": "Tcp",
            "timeouts": null
          },
          "sensitive_attributes": [],
          "private": "eyJlMmJmYjczMC1lY2FhLTExZTYtOGY4OC0zNDM2M2JjN2M0YzAiOnsiY3JlYXRlIjoxODAwMDAwMDAwMDAwLCJkZWxldGUiOjE4MDAwMDAwMDAwMDAsInJlYWQiOjMwMDAwMDAwMDAwMCwidXBkYXRlIjoxODAwMDAwMDAwMDAwfX0=",
          "dependencies": [
            "azurerm_lb.main",
            "azurerm_lb_backend_address_pool.main",
            "azurerm_public_ip.main"
          ]
        }
      ]
    },
    {
      "mode": "managed",
      "type": "azurerm_linux_virtual_machine",
      "name": "main",
      "provider": "provider[\"registry.terraform.io/hashicorp/azurerm\"]",
      "instances": []
    },
    {
      "mode": "managed",
      "type": "azurerm_network_interface",
      "name": "main",
      "provider": "provider[\"registry.terraform.io/hashicorp/azurerm\"]",
      "instances": [
        {
          "index_key": 0,
          "schema_version": 0,
          "attributes": {
            "applied_dns_servers": [],
            "dns_servers": [],
            "edge_zone": "",
            "enable_accelerated_networking": false,
            "enable_ip_forwarding": false,
            "id": "/subscriptions/ad6befd3-6a77-4714-b24d-181b38cb2753/resourceGroups/Azuredevops/providers/Microsoft.Network/networkInterfaces/vinhpn-network_interface-0",
            "internal_dns_name_label": "",
            "internal_domain_name_suffix": "3kxtyoaabjwedawr0jg3s5tcwb.bx.internal.cloudapp.net",
            "ip_configuration": [
              {
                "gateway_load_balancer_frontend_ip_configuration_id": "",
                "name": "main",
                "primary": true,
                "private_ip_address": "10.0.2.5",
                "private_ip_address_allocation": "Dynamic",
                "private_ip_address_version": "IPv4",
                "public_ip_address_id": "",
                "subnet_id": "/subscriptions/ad6befd3-6a77-4714-b24d-181b38cb2753/resourceGroups/Azuredevops/providers/Microsoft.Network/virtualNetworks/vinhpn-network/subnets/vinhpn-subnet"
              }
            ],
            "location": "eastus",
            "mac_address": "",
            "name": "vinhpn-network_interface-0",
            "private_ip_address": "10.0.2.5",
            "private_ip_addresses": [
              "10.0.2.5"
            ],
            "resource_group_name": "Azuredevops",
            "tags": {
              "Owner": "VinhPN"
            },
            "timeouts": null,
            "virtual_machine_id": ""
          },
          "sensitive_attributes": [],
          "private": "eyJlMmJmYjczMC1lY2FhLTExZTYtOGY4OC0zNDM2M2JjN2M0YzAiOnsiY3JlYXRlIjoxODAwMDAwMDAwMDAwLCJkZWxldGUiOjE4MDAwMDAwMDAwMDAsInJlYWQiOjMwMDAwMDAwMDAwMCwidXBkYXRlIjoxODAwMDAwMDAwMDAwfX0=",
          "dependencies": [
            "azurerm_subnet.main",
            "azurerm_virtual_network.main"
          ]
        },
        {
          "index_key": 1,
          "schema_version": 0,
          "attributes": {
            "applied_dns_servers": [],
            "dns_servers": [],
            "edge_zone": "",
            "enable_accelerated_networking": false,
            "enable_ip_forwarding": false,
            "id": "/subscriptions/ad6befd3-6a77-4714-b24d-181b38cb2753/resourceGroups/Azuredevops/providers/Microsoft.Network/networkInterfaces/vinhpn-network_interface-1",
            "internal_dns_name_label": "",
            "internal_domain_name_suffix": "3kxtyoaabjwedawr0jg3s5tcwb.bx.internal.cloudapp.net",
            "ip_configuration": [
              {
                "gateway_load_balancer_frontend_ip_configuration_id": "",
                "name": "main",
                "primary": true,
                "private_ip_address": "10.0.2.4",
                "private_ip_address_allocation": "Dynamic",
                "private_ip_address_version": "IPv4",
                "public_ip_address_id": "",
                "subnet_id": "/subscriptions/ad6befd3-6a77-4714-b24d-181b38cb2753/resourceGroups/Azuredevops/providers/Microsoft.Network/virtualNetworks/vinhpn-network/subnets/vinhpn-subnet"
              }
            ],
            "location": "eastus",
            "mac_address": "",
            "name": "vinhpn-network_interface-1",
            "private_ip_address": "10.0.2.4",
            "private_ip_addresses": [
              "10.0.2.4"
            ],
            "resource_group_name": "Azuredevops",
            "tags": {
              "Owner": "VinhPN"
            },
            "timeouts": null,
            "virtual_machine_id": ""
          },
          "sensitive_attributes": [],
          "private": "eyJlMmJmYjczMC1lY2FhLTExZTYtOGY4OC0zNDM2M2JjN2M0YzAiOnsiY3JlYXRlIjoxODAwMDAwMDAwMDAwLCJkZWxldGUiOjE4MDAwMDAwMDAwMDAsInJlYWQiOjMwMDAwMDAwMDAwMCwidXBkYXRlIjoxODAwMDAwMDAwMDAwfX0=",
          "dependencies": [
            "azurerm_subnet.main",
            "azurerm_virtual_network.main"
          ]
        }
      ]
    },
    {
      "mode": "managed",
      "type": "azurerm_network_interface_backend_address_pool_association",
      "name": "main",
      "provider": "provider[\"registry.terraform.io/hashicorp/azurerm\"]",
      "instances": [
        {
          "index_key": 0,
          "schema_version": 0,
          "attributes": {
            "backend_address_pool_id": "/subscriptions/ad6befd3-6a77-4714-b24d-181b38cb2753/resourceGroups/Azuredevops/providers/Microsoft.Network/loadBalancers/vinhpn-load-balancer/backendAddressPools/vinhpn-backend-address-pool",
            "id": "/subscriptions/ad6befd3-6a77-4714-b24d-181b38cb2753/resourceGroups/Azuredevops/providers/Microsoft.Network/networkInterfaces/vinhpn-network_interface-0/ipConfigurations/main|/subscriptions/ad6befd3-6a77-4714-b24d-181b38cb2753/resourceGroups/Azuredevops/providers/Microsoft.Network/loadBalancers/vinhpn-load-balancer/backendAddressPools/vinhpn-backend-address-pool",
            "ip_configuration_name": "main",
            "network_interface_id": "/subscriptions/ad6befd3-6a77-4714-b24d-181b38cb2753/resourceGroups/Azuredevops/providers/Microsoft.Network/networkInterfaces/vinhpn-network_interface-0",
            "timeouts": null
          },
          "sensitive_attributes": [],
          "private": "eyJlMmJmYjczMC1lY2FhLTExZTYtOGY4OC0zNDM2M2JjN2M0YzAiOnsiY3JlYXRlIjoxODAwMDAwMDAwMDAwLCJkZWxldGUiOjE4MDAwMDAwMDAwMDAsInJlYWQiOjMwMDAwMDAwMDAwMCwidXBkYXRlIjoxODAwMDAwMDAwMDAwfX0=",
          "dependencies": [
            "azurerm_lb.main",
            "azurerm_lb_backend_address_pool.main",
            "azurerm_network_interface.main",
            "azurerm_public_ip.main",
            "azurerm_subnet.main",
            "azurerm_virtual_network.main"
          ]
        },
        {
          "index_key": 1,
          "schema_version": 0,
          "attributes": {
            "backend_address_pool_id": "/subscriptions/ad6befd3-6a77-4714-b24d-181b38cb2753/resourceGroups/Azuredevops/providers/Microsoft.Network/loadBalancers/vinhpn-load-balancer/backendAddressPools/vinhpn-backend-address-pool",
            "id": "/subscriptions/ad6befd3-6a77-4714-b24d-181b38cb2753/resourceGroups/Azuredevops/providers/Microsoft.Network/networkInterfaces/vinhpn-network_interface-1/ipConfigurations/main|/subscriptions/ad6befd3-6a77-4714-b24d-181b38cb2753/resourceGroups/Azuredevops/providers/Microsoft.Network/loadBalancers/vinhpn-load-balancer/backendAddressPools/vinhpn-backend-address-pool",
            "ip_configuration_name": "main",
            "network_interface_id": "/subscriptions/ad6befd3-6a77-4714-b24d-181b38cb2753/resourceGroups/Azuredevops/providers/Microsoft.Network/networkInterfaces/vinhpn-network_interface-1",
            "timeouts": null
          },
          "sensitive_attributes": [],
          "private": "eyJlMmJmYjczMC1lY2FhLTExZTYtOGY4OC0zNDM2M2JjN2M0YzAiOnsiY3JlYXRlIjoxODAwMDAwMDAwMDAwLCJkZWxldGUiOjE4MDAwMDAwMDAwMDAsInJlYWQiOjMwMDAwMDAwMDAwMCwidXBkYXRlIjoxODAwMDAwMDAwMDAwfX0=",
          "dependencies": [
            "azurerm_lb.main",
            "azurerm_lb_backend_address_pool.main",
            "azurerm_network_interface.main",
            "azurerm_public_ip.main",
            "azurerm_subnet.main",
            "azurerm_virtual_network.main"
          ]
        }
      ]
    },
    {
      "mode": "managed",
      "type": "azurerm_network_security_group",
      "name": "main",
      "provider": "provider[\"registry.terraform.io/hashicorp/azurerm\"]",
      "instances": [
        {
          "schema_version": 0,
          "attributes": {
            "id": "/subscriptions/ad6befd3-6a77-4714-b24d-181b38cb2753/resourceGroups/Azuredevops/providers/Microsoft.Network/networkSecurityGroups/vinhpn-security-group",
            "location": "eastus",
            "name": "vinhpn-security-group",
            "resource_group_name": "Azuredevops",
            "security_rule": [
              {
                "access": "Allow",
                "description": "",
                "destination_address_prefix": "*",
                "destination_address_prefixes": [],
                "destination_application_security_group_ids": [],
                "destination_port_range": "*",
                "destination_port_ranges": [],
                "direction": "Inbound",
                "name": "vinhpn-allow-inbound-subnet",
                "priority": 1001,
                "protocol": "*",
                "source_address_prefix": "*",
                "source_address_prefixes": [],
                "source_application_security_group_ids": [],
                "source_port_range": "*",
                "source_port_ranges": []
              },
              {
                "access": "Allow",
                "description": "",
                "destination_address_prefix": "*",
                "destination_address_prefixes": [],
                "destination_application_security_group_ids": [],
                "destination_port_range": "*",
                "destination_port_ranges": [],
                "direction": "Outbound",
                "name": "vinhpn-allow-outbound-subnet",
                "priority": 1000,
                "protocol": "*",
                "source_address_prefix": "*",
                "source_address_prefixes": [],
                "source_application_security_group_ids": [],
                "source_port_range": "*",
                "source_port_ranges": []
              },
              {
                "access": "Deny",
                "description": "",
                "destination_address_prefix": "*",
                "destination_address_prefixes": [],
                "destination_application_security_group_ids": [],
                "destination_port_range": "*",
                "destination_port_ranges": [],
                "direction": "Inbound",
                "name": "vinhpn-deny-inbound-internet",
                "priority": 1002,
                "protocol": "*",
                "source_address_prefix": "*",
                "source_address_prefixes": [],
                "source_application_security_group_ids": [],
                "source_port_range": "*",
                "source_port_ranges": []
              }
            ],
            "tags": {
              "Owner": "VinhPN"
            },
            "timeouts": null
          },
          "sensitive_attributes": [],
          "private": "eyJlMmJmYjczMC1lY2FhLTExZTYtOGY4OC0zNDM2M2JjN2M0YzAiOnsiY3JlYXRlIjoxODAwMDAwMDAwMDAwLCJkZWxldGUiOjE4MDAwMDAwMDAwMDAsInJlYWQiOjMwMDAwMDAwMDAwMCwidXBkYXRlIjoxODAwMDAwMDAwMDAwfX0="
        }
      ]
    },
    {
      "mode": "managed",
      "type": "azurerm_public_ip",
      "name": "main",
      "provider": "provider[\"registry.terraform.io/hashicorp/azurerm\"]",
      "instances": [
        {
          "schema_version": 0,
          "attributes": {
            "allocation_method": "Static",
            "ddos_protection_mode": "VirtualNetworkInherited",
            "ddos_protection_plan_id": null,
            "domain_name_label": null,
            "edge_zone": "",
            "fqdn": null,
            "id": "/subscriptions/ad6befd3-6a77-4714-b24d-181b38cb2753/resourceGroups/Azuredevops/providers/Microsoft.Network/publicIPAddresses/vinhpn-public-ip",
            "idle_timeout_in_minutes": 4,
            "ip_address": "74.235.241.98",
            "ip_tags": null,
            "ip_version": "IPv4",
            "location": "eastus",
            "name": "vinhpn-public-ip",
            "public_ip_prefix_id": null,
            "resource_group_name": "Azuredevops",
            "reverse_fqdn": null,
            "sku": "Basic",
            "sku_tier": "Regional",
            "tags": {
              "Owner": "VinhPN"
            },
            "timeouts": null,
            "zones": null
          },
          "sensitive_attributes": [],
          "private": "eyJlMmJmYjczMC1lY2FhLTExZTYtOGY4OC0zNDM2M2JjN2M0YzAiOnsiY3JlYXRlIjoxODAwMDAwMDAwMDAwLCJkZWxldGUiOjE4MDAwMDAwMDAwMDAsInJlYWQiOjMwMDAwMDAwMDAwMCwidXBkYXRlIjoxODAwMDAwMDAwMDAwfX0="
        }
      ]
    },
    {
      "mode": "managed",
      "type": "azurerm_subnet",
      "name": "main",
      "provider": "provider[\"registry.terraform.io/hashicorp/azurerm\"]",
      "instances": [
        {
          "schema_version": 0,
          "attributes": {
            "address_prefixes": [
              "10.0.2.0/24"
            ],
            "delegation": [],
            "enforce_private_link_endpoint_network_policies": false,
            "enforce_private_link_service_network_policies": false,
            "id": "/subscriptions/ad6befd3-6a77-4714-b24d-181b38cb2753/resourceGroups/Azuredevops/providers/Microsoft.Network/virtualNetworks/vinhpn-network/subnets/vinhpn-subnet",
            "name": "vinhpn-subnet",
            "private_endpoint_network_policies_enabled": true,
            "private_link_service_network_policies_enabled": true,
            "resource_group_name": "Azuredevops",
            "service_endpoint_policy_ids": null,
            "service_endpoints": null,
            "timeouts": null,
            "virtual_network_name": "vinhpn-network"
          },
          "sensitive_attributes": [],
          "private": "eyJlMmJmYjczMC1lY2FhLTExZTYtOGY4OC0zNDM2M2JjN2M0YzAiOnsiY3JlYXRlIjoxODAwMDAwMDAwMDAwLCJkZWxldGUiOjE4MDAwMDAwMDAwMDAsInJlYWQiOjMwMDAwMDAwMDAwMCwidXBkYXRlIjoxODAwMDAwMDAwMDAwfX0=",
          "dependencies": [
            "azurerm_virtual_network.main"
          ]
        }
      ]
    },
    {
      "mode": "managed",
      "type": "azurerm_subnet_network_security_group_association",
      "name": "main",
      "provider": "provider[\"registry.terraform.io/hashicorp/azurerm\"]",
      "instances": [
        {
          "schema_version": 0,
          "attributes": {
            "id": "/subscriptions/ad6befd3-6a77-4714-b24d-181b38cb2753/resourceGroups/Azuredevops/providers/Microsoft.Network/virtualNetworks/vinhpn-network/subnets/vinhpn-subnet",
            "network_security_group_id": "/subscriptions/ad6befd3-6a77-4714-b24d-181b38cb2753/resourceGroups/Azuredevops/providers/Microsoft.Network/networkSecurityGroups/vinhpn-security-group",
            "subnet_id": "/subscriptions/ad6befd3-6a77-4714-b24d-181b38cb2753/resourceGroups/Azuredevops/providers/Microsoft.Network/virtualNetworks/vinhpn-network/subnets/vinhpn-subnet",
            "timeouts": null
          },
          "sensitive_attributes": [],
          "private": "eyJlMmJmYjczMC1lY2FhLTExZTYtOGY4OC0zNDM2M2JjN2M0YzAiOnsiY3JlYXRlIjoxODAwMDAwMDAwMDAwLCJkZWxldGUiOjE4MDAwMDAwMDAwMDAsInJlYWQiOjMwMDAwMDAwMDAwMCwidXBkYXRlIjoxODAwMDAwMDAwMDAwfX0=",
          "dependencies": [
            "azurerm_network_security_group.main",
            "azurerm_subnet.main",
            "azurerm_virtual_network.main"
          ]
        }
      ]
    },
    {
      "mode": "managed",
      "type": "azurerm_virtual_network",
      "name": "main",
      "provider": "provider[\"registry.terraform.io/hashicorp/azurerm\"]",
      "instances": [
        {
          "schema_version": 0,
          "attributes": {
            "address_space": [
              "10.0.0.0/22"
            ],
            "bgp_community": "",
            "ddos_protection_plan": [],
            "dns_servers": [],
            "edge_zone": "",
            "flow_timeout_in_minutes": 0,
            "guid": "383cafea-0a00-416c-82d1-d24dd97e62b1",
            "id": "/subscriptions/ad6befd3-6a77-4714-b24d-181b38cb2753/resourceGroups/Azuredevops/providers/Microsoft.Network/virtualNetworks/vinhpn-network",
            "location": "eastus",
            "name": "vinhpn-network",
            "resource_group_name": "Azuredevops",
            "subnet": [],
            "tags": {
              "Owner": "VinhPN"
            },
            "timeouts": null
          },
          "sensitive_attributes": [],
          "private": "eyJlMmJmYjczMC1lY2FhLTExZTYtOGY4OC0zNDM2M2JjN2M0YzAiOnsiY3JlYXRlIjoxODAwMDAwMDAwMDAwLCJkZWxldGUiOjE4MDAwMDAwMDAwMDAsInJlYWQiOjMwMDAwMDAwMDAwMCwidXBkYXRlIjoxODAwMDAwMDAwMDAwfX0="
        }
      ]
    }
  ],
  "check_results": null
}
