{
  "version": 4,
  "terraform_version": "1.5.3",
  "serial": 18,
  "lineage": "8d0af499-3f4a-7abe-ebf6-2734310be2bb",
  "outputs": {},
  "resources": [
    {
      "mode": "managed",
      "type": "azurerm_availability_set",
      "name": "main",
      "provider": "provider[\"registry.terraform.io/hashicorp/azurerm\"]",
      "instances": [
        {
          "schema_version": 0,
          "attributes": {
            "id": "/subscriptions/ad6befd3-6a77-4714-b24d-181b38cb2753/resourceGroups/Azuredevops/providers/Microsoft.Compute/availabilitySets/vinhpn-aset",
            "location": "eastus",
            "managed": true,
            "name": "vinhpn-aset",
            "platform_fault_domain_count": 3,
            "platform_update_domain_count": 5,
            "proximity_placement_group_id": null,
            "resource_group_name": "Azuredevops",
            "tags": {
              "Owner": "VinhPN"
            },
            "timeouts": null
          },
          "sensitive_attributes": [],
          "private": "eyJlMmJmYjczMC1lY2FhLTExZTYtOGY4OC0zNDM2M2JjN2M0YzAiOnsiY3JlYXRlIjoxODAwMDAwMDAwMDAwLCJkZWxldGUiOjE4MDAwMDAwMDAwMDAsInJlYWQiOjMwMDAwMDAwMDAwMCwidXBkYXRlIjoxODAwMDAwMDAwMDAwfX0="
        }
      ]
    },
    {
      "mode": "managed",
      "type": "azurerm_lb",
      "name": "main",
      "provider": "provider[\"registry.terraform.io/hashicorp/azurerm\"]",
      "instances": [
        {
          "schema_version": 0,
          "attributes": {
            "edge_zone": "",
            "frontend_ip_configuration": [
              {
                "gateway_load_balancer_frontend_ip_configuration_id": "",
                "id": "/subscriptions/ad6befd3-6a77-4714-b24d-181b38cb2753/resourceGroups/Azuredevops/providers/Microsoft.Network/loadBalancers/vinhpn-load-balancer/frontendIPConfigurations/vinhpn-frontend-ip",
                "inbound_nat_rules": [],
                "load_balancer_rules": [
                  "/subscriptions/ad6befd3-6a77-4714-b24d-181b38cb2753/resourceGroups/Azuredevops/providers/Microsoft.Network/loadBalancers/vinhpn-load-balancer/loadBalancingRules/vinhpn-load-balancer-rule"
                ],
                "name": "vinhpn-frontend-ip",
                "outbound_rules": [],
                "private_ip_address": "",
                "private_ip_address_allocation": "Dynamic",
                "private_ip_address_version": "",
                "public_ip_address_id": "/subscriptions/ad6befd3-6a77-4714-b24d-181b38cb2753/resourceGroups/Azuredevops/providers/Microsoft.Network/publicIPAddresses/vinhpn-public-ip",
                "public_ip_prefix_id": "",
                "subnet_id": "",
                "zones": []
              }
            ],
            "id": "/subscriptions/ad6befd3-6a77-4714-b24d-181b38cb2753/resourceGroups/Azuredevops/providers/Microsoft.Network/loadBalancers/vinhpn-load-balancer",
            "location": "eastus",
            "name": "vinhpn-load-balancer",
            "private_ip_address": "",
            "private_ip_addresses": [],
            "resource_group_name": "Azuredevops",
            "sku": "Basic",
            "sku_tier": "Regional",
            "tags": {
              "Owner": "VinhPN"
            },
            "timeouts": null
          },
          "sensitive_attributes": [],
          "private": "eyJlMmJmYjczMC1lY2FhLTExZTYtOGY4OC0zNDM2M2JjN2M0YzAiOnsiY3JlYXRlIjoxODAwMDAwMDAwMDAwLCJkZWxldGUiOjE4MDAwMDAwMDAwMDAsInJlYWQiOjMwMDAwMDAwMDAwMCwidXBkYXRlIjoxODAwMDAwMDAwMDAwfX0=",
          "dependencies": [
            "azurerm_public_ip.main"
          ]
        }
      ]
    },
    {
      "mode": "managed",
      "type": "azurerm_lb_backend_address_pool",
      "name": "main",
      "provider": "provider[\"registry.terraform.io/hashicorp/azurerm\"]",
      "instances": [
        {
          "schema_version": 0,
          "attributes": {
            "backend_ip_configurations": [
              "/subscriptions/ad6befd3-6a77-4714-b24d-181b38cb2753/resourceGroups/Azuredevops/providers/Microsoft.Network/networkInterfaces/vinhpn-network_interface-1/ipConfigurations/main",
              "/subscriptions/ad6befd3-6a77-4714-b24d-181b38cb2753/resourceGroups/Azuredevops/providers/Microsoft.Network/networkInterfaces/vinhpn-network_interface-0/ipConfigurations/main"
            ],
            "id": "/subscriptions/ad6befd3-6a77-4714-b24d-181b38cb2753/resourceGroups/Azuredevops/providers/Microsoft.Network/loadBalancers/vinhpn-load-balancer/backendAddressPools/vinhpn-backend-address-pool",
            "inbound_nat_rules": [],
            "load_balancing_rules": [
              "/subscriptions/ad6befd3-6a77-4714-b24d-181b38cb2753/resourceGroups/Azuredevops/providers/Microsoft.Network/loadBalancers/vinhpn-load-balancer/loadBalancingRules/vinhpn-load-balancer-rule"
            ],
            "loadbalancer_id": "/subscriptions/ad6befd3-6a77-4714-b24d-181b38cb2753/resourceGroups/Azuredevops/providers/Microsoft.Network/loadBalancers/vinhpn-load-balancer",
            "name": "vinhpn-backend-address-pool",
            "outbound_rules": [],
            "timeouts": null,
            "tunnel_interface": [],
            "virtual_network_id": ""
          },
          "sensitive_attributes": [],
          "private": "eyJlMmJmYjczMC1lY2FhLTExZTYtOGY4OC0zNDM2M2JjN2M0YzAiOnsiY3JlYXRlIjoxODAwMDAwMDAwMDAwLCJkZWxldGUiOjE4MDAwMDAwMDAwMDAsInJlYWQiOjMwMDAwMDAwMDAwMCwidXBkYXRlIjoxODAwMDAwMDAwMDAwfX0=",
          "dependencies": [
            "azurerm_lb.main",
            "azurerm_public_ip.main"
          ]
        }
      ]
    },
    {
      "mode": "managed",
      "type": "azurerm_lb_rule",
      "name": "main",
      "provider": "provider[\"registry.terraform.io/hashicorp/azurerm\"]",
      "instances": [
        {
          "schema_version": 0,
          "attributes": {
            "backend_address_pool_ids": [
              "/subscriptions/ad6befd3-6a77-4714-b24d-181b38cb2753/resourceGroups/Azuredevops/providers/Microsoft.Network/loadBalancers/vinhpn-load-balancer/backendAddressPools/vinhpn-backend-address-pool"
            ],
            "backend_port": 80,
            "disable_outbound_snat": false,
            "enable_floating_ip": false,
            "enable_tcp_reset": false,
            "frontend_ip_configuration_id": "/subscriptions/ad6befd3-6a77-4714-b24d-181b38cb2753/resourceGroups/Azuredevops/providers/Microsoft.Network/loadBalancers/vinhpn-load-balancer/frontendIPConfigurations/vinhpn-frontend-ip",
            "frontend_ip_configuration_name": "vinhpn-frontend-ip",
            "frontend_port": 8080,
            "id": "/subscriptions/ad6befd3-6a77-4714-b24d-181b38cb2753/resourceGroups/Azuredevops/providers/Microsoft.Network/loadBalancers/vinhpn-load-balancer/loadBalancingRules/vinhpn-load-balancer-rule",
            "idle_timeout_in_minutes": 4,
            "load_distribution": "Default",
            "loadbalancer_id": "/subscriptions/ad6befd3-6a77-4714-b24d-181b38cb2753/resourceGroups/Azuredevops/providers/Microsoft.Network/loadBalancers/vinhpn-load-balancer",
            "name": "vinhpn-load-balancer-rule",
            "probe_id": "",
            "protocol": "Tcp",
            "timeouts": null
          },
          "sensitive_attributes": [],
          "private": "eyJlMmJmYjczMC1lY2FhLTExZTYtOGY4OC0zNDM2M2JjN2M0YzAiOnsiY3JlYXRlIjoxODAwMDAwMDAwMDAwLCJkZWxldGUiOjE4MDAwMDAwMDAwMDAsInJlYWQiOjMwMDAwMDAwMDAwMCwidXBkYXRlIjoxODAwMDAwMDAwMDAwfX0=",
          "dependencies": [
            "azurerm_lb.main",
            "azurerm_lb_backend_address_pool.main",
            "azurerm_public_ip.main"
          ]
        }
      ]
    },
    {
      "mode": "managed",
      "type": "azurerm_linux_virtual_machine",
      "name": "main",
      "provider": "provider[\"registry.terraform.io/hashicorp/azurerm\"]",
      "instances": [
        {
          "index_key": 0,
          "schema_version": 0,
          "attributes": {
            "additional_capabilities": [],
            "admin_password": "MyPass@123@321",
            "admin_ssh_key": [],
            "admin_username": "adminuser",
            "allow_extension_operations": true,
            "availability_set_id": "/subscriptions/ad6befd3-6a77-4714-b24d-181b38cb2753/resourceGroups/Azuredevops/providers/Microsoft.Compute/availabilitySets/VINHPN-ASET",
            "boot_diagnostics": [],
            "capacity_reservation_group_id": "",
            "computer_name": "vinhpn-vm-0",
            "custom_data": null,
            "dedicated_host_group_id": "",
            "dedicated_host_id": "",
            "disable_password_authentication": false,
            "edge_zone": "",
            "encryption_at_host_enabled": false,
            "eviction_policy": "",
            "extensions_time_budget": "PT1H30M",
            "gallery_application": [],
            "id": "/subscriptions/ad6befd3-6a77-4714-b24d-181b38cb2753/resourceGroups/Azuredevops/providers/Microsoft.Compute/virtualMachines/vinhpn-vm-0",
            "identity": [],
            "license_type": "",
            "location": "eastus",
            "max_bid_price": -1,
            "name": "vinhpn-vm-0",
            "network_interface_ids": [
              "/subscriptions/ad6befd3-6a77-4714-b24d-181b38cb2753/resourceGroups/Azuredevops/providers/Microsoft.Network/networkInterfaces/vinhpn-network_interface-0"
            ],
            "os_disk": [
              {
                "caching": "ReadWrite",
                "diff_disk_settings": [],
                "disk_encryption_set_id": "",
                "disk_size_gb": 30,
                "name": "vinhpn-vm-0_disk1_939f67ddfe6448578ca8f61a318f536e",
                "secure_vm_disk_encryption_set_id": "",
                "security_encryption_type": "",
                "storage_account_type": "Standard_LRS",
                "write_accelerator_enabled": false
              }
            ],
            "patch_assessment_mode": "ImageDefault",
            "patch_mode": "ImageDefault",
            "plan": [],
            "platform_fault_domain": -1,
            "priority": "Regular",
            "private_ip_address": "10.0.2.5",
            "private_ip_addresses": [
              "10.0.2.5"
            ],
            "provision_vm_agent": true,
            "proximity_placement_group_id": "",
            "public_ip_address": "",
            "public_ip_addresses": [],
            "resource_group_name": "Azuredevops",
            "secret": [],
            "secure_boot_enabled": false,
            "size": "Standard_D2s_v3",
            "source_image_id": "/subscriptions/ad6befd3-6a77-4714-b24d-181b38cb2753/resourceGroups/Azuredevops/providers/Microsoft.Compute/images/myPackerImage",
            "source_image_reference": [],
            "tags": {
              "Owner": "VinhPN"
            },
            "termination_notification": null,
            "timeouts": null,
            "user_data": "",
            "virtual_machine_id": "43045ab6-678a-44c0-a009-12695fa727ab",
            "virtual_machine_scale_set_id": "",
            "vtpm_enabled": false,
            "zone": ""
          },
          "sensitive_attributes": [],
          "private": "eyJlMmJmYjczMC1lY2FhLTExZTYtOGY4OC0zNDM2M2JjN2M0YzAiOnsiY3JlYXRlIjoyNzAwMDAwMDAwMDAwLCJkZWxldGUiOjI3MDAwMDAwMDAwMDAsInJlYWQiOjMwMDAwMDAwMDAwMCwidXBkYXRlIjoyNzAwMDAwMDAwMDAwfX0=",
          "dependencies": [
            "azurerm_availability_set.main",
            "azurerm_network_interface.main"
          ]
        },
        {
          "index_key": 1,
          "schema_version": 0,
          "attributes": {
            "additional_capabilities": [],
            "admin_password": "MyPass@123@321",
            "admin_ssh_key": [],
            "admin_username": "adminuser",
            "allow_extension_operations": true,
            "availability_set_id": "/subscriptions/ad6befd3-6a77-4714-b24d-181b38cb2753/resourceGroups/Azuredevops/providers/Microsoft.Compute/availabilitySets/VINHPN-ASET",
            "boot_diagnostics": [],
            "capacity_reservation_group_id": "",
            "computer_name": "vinhpn-vm-1",
            "custom_data": null,
            "dedicated_host_group_id": "",
            "dedicated_host_id": "",
            "disable_password_authentication": false,
            "edge_zone": "",
            "encryption_at_host_enabled": false,
            "eviction_policy": "",
            "extensions_time_budget": "PT1H30M",
            "gallery_application": [],
            "id": "/subscriptions/ad6befd3-6a77-4714-b24d-181b38cb2753/resourceGroups/Azuredevops/providers/Microsoft.Compute/virtualMachines/vinhpn-vm-1",
            "identity": [],
            "license_type": "",
            "location": "eastus",
            "max_bid_price": -1,
            "name": "vinhpn-vm-1",
            "network_interface_ids": [
              "/subscriptions/ad6befd3-6a77-4714-b24d-181b38cb2753/resourceGroups/Azuredevops/providers/Microsoft.Network/networkInterfaces/vinhpn-network_interface-1"
            ],
            "os_disk": [
              {
                "caching": "ReadWrite",
                "diff_disk_settings": [],
                "disk_encryption_set_id": "",
                "disk_size_gb": 30,
                "name": "vinhpn-vm-1_disk1_36c11458cc0a4d61aa3c7062d65d2aab",
                "secure_vm_disk_encryption_set_id": "",
                "security_encryption_type": "",
                "storage_account_type": "Standard_LRS",
                "write_accelerator_enabled": false
              }
            ],
            "patch_assessment_mode": "ImageDefault",
            "patch_mode": "ImageDefault",
            "plan": [],
            "platform_fault_domain": -1,
            "priority": "Regular",
            "private_ip_address": "10.0.2.4",
            "private_ip_addresses": [
              "10.0.2.4"
            ],
            "provision_vm_agent": true,
            "proximity_placement_group_id": "",
            "public_ip_address": "",
            "public_ip_addresses": [],
            "resource_group_name": "Azuredevops",
            "secret": [],
            "secure_boot_enabled": false,
            "size": "Standard_D2s_v3",
            "source_image_id": "/subscriptions/ad6befd3-6a77-4714-b24d-181b38cb2753/resourceGroups/Azuredevops/providers/Microsoft.Compute/images/myPackerImage",
            "source_image_reference": [],
            "tags": {
              "Owner": "VinhPN"
            },
            "termination_notification": null,
            "timeouts": null,
            "user_data": "",
            "virtual_machine_id": "dcce7581-f520-4dc3-b676-7483091f3c70",
            "virtual_machine_scale_set_id": "",
            "vtpm_enabled": false,
            "zone": ""
          },
          "sensitive_attributes": [],
          "private": "eyJlMmJmYjczMC1lY2FhLTExZTYtOGY4OC0zNDM2M2JjN2M0YzAiOnsiY3JlYXRlIjoyNzAwMDAwMDAwMDAwLCJkZWxldGUiOjI3MDAwMDAwMDAwMDAsInJlYWQiOjMwMDAwMDAwMDAwMCwidXBkYXRlIjoyNzAwMDAwMDAwMDAwfX0=",
          "dependencies": [
            "azurerm_availability_set.main",
            "azurerm_network_interface.main"
          ]
        }
      ]
    },
    {
      "mode": "managed",
      "type": "azurerm_network_interface",
      "name": "main",
      "provider": "provider[\"registry.terraform.io/hashicorp/azurerm\"]",
      "instances": [
        {
          "index_key": 0,
          "schema_version": 0,
          "attributes": {
            "applied_dns_servers": [],
            "dns_servers": [],
            "edge_zone": "",
            "enable_accelerated_networking": false,
            "enable_ip_forwarding": false,
            "id": "/subscriptions/ad6befd3-6a77-4714-b24d-181b38cb2753/resourceGroups/Azuredevops/providers/Microsoft.Network/networkInterfaces/vinhpn-network_interface-0",
            "internal_dns_name_label": "",
            "internal_domain_name_suffix": "3kxtyoaabjwedawr0jg3s5tcwb.bx.internal.cloudapp.net",
            "ip_configuration": [
              {
                "gateway_load_balancer_frontend_ip_configuration_id": "",
                "name": "main",
                "primary": true,
                "private_ip_address": "10.0.2.5",
                "private_ip_address_allocation": "Dynamic",
                "private_ip_address_version": "IPv4",
                "public_ip_address_id": "",
                "subnet_id": "/subscriptions/ad6befd3-6a77-4714-b24d-181b38cb2753/resourceGroups/Azuredevops/providers/Microsoft.Network/virtualNetworks/vinhpn-network/subnets/vinhpn-subnet"
              }
            ],
            "location": "eastus",
            "mac_address": "",
            "name": "vinhpn-network_interface-0",
            "private_ip_address": "10.0.2.5",
            "private_ip_addresses": [
              "10.0.2.5"
            ],
            "resource_group_name": "Azuredevops",
            "tags": {
              "Owner": "VinhPN"
            },
            "timeouts": null,
            "virtual_machine_id": ""
          },
          "sensitive_attributes": [],
          "private": "eyJlMmJmYjczMC1lY2FhLTExZTYtOGY4OC0zNDM2M2JjN2M0YzAiOnsiY3JlYXRlIjoxODAwMDAwMDAwMDAwLCJkZWxldGUiOjE4MDAwMDAwMDAwMDAsInJlYWQiOjMwMDAwMDAwMDAwMCwidXBkYXRlIjoxODAwMDAwMDAwMDAwfX0=",
          "dependencies": [
            "azurerm_subnet.main",
            "azurerm_virtual_network.main"
          ]
        },
        {
          "index_key": 1,
          "schema_version": 0,
          "attributes": {
            "applied_dns_servers": [],
            "dns_servers": [],
            "edge_zone": "",
            "enable_accelerated_networking": false,
            "enable_ip_forwarding": false,
            "id": "/subscriptions/ad6befd3-6a77-4714-b24d-181b38cb2753/resourceGroups/Azuredevops/providers/Microsoft.Network/networkInterfaces/vinhpn-network_interface-1",
            "internal_dns_name_label": "",
            "internal_domain_name_suffix": "3kxtyoaabjwedawr0jg3s5tcwb.bx.internal.cloudapp.net",
            "ip_configuration": [
              {
                "gateway_load_balancer_frontend_ip_configuration_id": "",
                "name": "main",
                "primary": true,
                "private_ip_address": "10.0.2.4",
                "private_ip_address_allocation": "Dynamic",
                "private_ip_address_version": "IPv4",
                "public_ip_address_id": "",
                "subnet_id": "/subscriptions/ad6befd3-6a77-4714-b24d-181b38cb2753/resourceGroups/Azuredevops/providers/Microsoft.Network/virtualNetworks/vinhpn-network/subnets/vinhpn-subnet"
              }
            ],
            "location": "eastus",
            "mac_address": "",
            "name": "vinhpn-network_interface-1",
            "private_ip_address": "10.0.2.4",
            "private_ip_addresses": [
              "10.0.2.4"
            ],
            "resource_group_name": "Azuredevops",
            "tags": {
              "Owner": "VinhPN"
            },
            "timeouts": null,
            "virtual_machine_id": ""
          },
          "sensitive_attributes": [],
          "private": "eyJlMmJmYjczMC1lY2FhLTExZTYtOGY4OC0zNDM2M2JjN2M0YzAiOnsiY3JlYXRlIjoxODAwMDAwMDAwMDAwLCJkZWxldGUiOjE4MDAwMDAwMDAwMDAsInJlYWQiOjMwMDAwMDAwMDAwMCwidXBkYXRlIjoxODAwMDAwMDAwMDAwfX0=",
          "dependencies": [
            "azurerm_subnet.main",
            "azurerm_virtual_network.main"
          ]
        }
      ]
    },
    {
      "mode": "managed",
      "type": "azurerm_network_interface_backend_address_pool_association",
      "name": "main",
      "provider": "provider[\"registry.terraform.io/hashicorp/azurerm\"]",
      "instances": [
        {
          "index_key": 0,
          "schema_version": 0,
          "attributes": {
            "backend_address_pool_id": "/subscriptions/ad6befd3-6a77-4714-b24d-181b38cb2753/resourceGroups/Azuredevops/providers/Microsoft.Network/loadBalancers/vinhpn-load-balancer/backendAddressPools/vinhpn-backend-address-pool",
            "id": "/subscriptions/ad6befd3-6a77-4714-b24d-181b38cb2753/resourceGroups/Azuredevops/providers/Microsoft.Network/networkInterfaces/vinhpn-network_interface-0/ipConfigurations/main|/subscriptions/ad6befd3-6a77-4714-b24d-181b38cb2753/resourceGroups/Azuredevops/providers/Microsoft.Network/loadBalancers/vinhpn-load-balancer/backendAddressPools/vinhpn-backend-address-pool",
            "ip_configuration_name": "main",
            "network_interface_id": "/subscriptions/ad6befd3-6a77-4714-b24d-181b38cb2753/resourceGroups/Azuredevops/providers/Microsoft.Network/networkInterfaces/vinhpn-network_interface-0",
            "timeouts": null
          },
          "sensitive_attributes": [],
          "private": "eyJlMmJmYjczMC1lY2FhLTExZTYtOGY4OC0zNDM2M2JjN2M0YzAiOnsiY3JlYXRlIjoxODAwMDAwMDAwMDAwLCJkZWxldGUiOjE4MDAwMDAwMDAwMDAsInJlYWQiOjMwMDAwMDAwMDAwMCwidXBkYXRlIjoxODAwMDAwMDAwMDAwfX0=",
          "dependencies": [
            "azurerm_lb.main",
            "azurerm_lb_backend_address_pool.main",
            "azurerm_network_interface.main",
            "azurerm_public_ip.main",
            "azurerm_subnet.main",
            "azurerm_virtual_network.main"
          ]
        },
        {
          "index_key": 1,
          "schema_version": 0,
          "attributes": {
            "backend_address_pool_id": "/subscriptions/ad6befd3-6a77-4714-b24d-181b38cb2753/resourceGroups/Azuredevops/providers/Microsoft.Network/loadBalancers/vinhpn-load-balancer/backendAddressPools/vinhpn-backend-address-pool",
            "id": "/subscriptions/ad6befd3-6a77-4714-b24d-181b38cb2753/resourceGroups/Azuredevops/providers/Microsoft.Network/networkInterfaces/vinhpn-network_interface-1/ipConfigurations/main|/subscriptions/ad6befd3-6a77-4714-b24d-181b38cb2753/resourceGroups/Azuredevops/providers/Microsoft.Network/loadBalancers/vinhpn-load-balancer/backendAddressPools/vinhpn-backend-address-pool",
            "ip_configuration_name": "main",
            "network_interface_id": "/subscriptions/ad6befd3-6a77-4714-b24d-181b38cb2753/resourceGroups/Azuredevops/providers/Microsoft.Network/networkInterfaces/vinhpn-network_interface-1",
            "timeouts": null
          },
          "sensitive_attributes": [],
          "private": "eyJlMmJmYjczMC1lY2FhLTExZTYtOGY4OC0zNDM2M2JjN2M0YzAiOnsiY3JlYXRlIjoxODAwMDAwMDAwMDAwLCJkZWxldGUiOjE4MDAwMDAwMDAwMDAsInJlYWQiOjMwMDAwMDAwMDAwMCwidXBkYXRlIjoxODAwMDAwMDAwMDAwfX0=",
          "dependencies": [
            "azurerm_lb.main",
            "azurerm_lb_backend_address_pool.main",
            "azurerm_network_interface.main",
            "azurerm_public_ip.main",
            "azurerm_subnet.main",
            "azurerm_virtual_network.main"
          ]
        }
      ]
    },
    {
      "mode": "managed",
      "type": "azurerm_network_security_group",
      "name": "main",
      "provider": "provider[\"registry.terraform.io/hashicorp/azurerm\"]",
      "instances": [
        {
          "schema_version": 0,
          "attributes": {
            "id": "/subscriptions/ad6befd3-6a77-4714-b24d-181b38cb2753/resourceGroups/Azuredevops/providers/Microsoft.Network/networkSecurityGroups/vinhpn-security-group",
            "location": "eastus",
            "name": "vinhpn-security-group",
            "resource_group_name": "Azuredevops",
            "security_rule": [
              {
                "access": "Allow",
                "description": "",
                "destination_address_prefix": "*",
                "destination_address_prefixes": [],
                "destination_application_security_group_ids": [],
                "destination_port_range": "*",
                "destination_port_ranges": [],
                "direction": "Inbound",
                "name": "vinhpn-allow-inbound-subnet",
                "priority": 1001,
                "protocol": "*",
                "source_address_prefix": "*",
                "source_address_prefixes": [],
                "source_application_security_group_ids": [],
                "source_port_range": "*",
                "source_port_ranges": []
              },
              {
                "access": "Allow",
                "description": "",
                "destination_address_prefix": "*",
                "destination_address_prefixes": [],
                "destination_application_security_group_ids": [],
                "destination_port_range": "*",
                "destination_port_ranges": [],
                "direction": "Outbound",
                "name": "vinhpn-allow-outbound-subnet",
                "priority": 1000,
                "protocol": "*",
                "source_address_prefix": "*",
                "source_address_prefixes": [],
                "source_application_security_group_ids": [],
                "source_port_range": "*",
                "source_port_ranges": []
              },
              {
                "access": "Deny",
                "description": "",
                "destination_address_prefix": "*",
                "destination_address_prefixes": [],
                "destination_application_security_group_ids": [],
                "destination_port_range": "*",
                "destination_port_ranges": [],
                "direction": "Inbound",
                "name": "vinhpn-deny-inbound-internet",
                "priority": 1002,
                "protocol": "*",
                "source_address_prefix": "*",
                "source_address_prefixes": [],
                "source_application_security_group_ids": [],
                "source_port_range": "*",
                "source_port_ranges": []
              }
            ],
            "tags": {
              "Owner": "VinhPN"
            },
            "timeouts": null
          },
          "sensitive_attributes": [],
          "private": "eyJlMmJmYjczMC1lY2FhLTExZTYtOGY4OC0zNDM2M2JjN2M0YzAiOnsiY3JlYXRlIjoxODAwMDAwMDAwMDAwLCJkZWxldGUiOjE4MDAwMDAwMDAwMDAsInJlYWQiOjMwMDAwMDAwMDAwMCwidXBkYXRlIjoxODAwMDAwMDAwMDAwfX0="
        }
      ]
    },
    {
      "mode": "managed",
      "type": "azurerm_public_ip",
      "name": "main",
      "provider": "provider[\"registry.terraform.io/hashicorp/azurerm\"]",
      "instances": [
        {
          "schema_version": 0,
          "attributes": {
            "allocation_method": "Static",
            "ddos_protection_mode": "VirtualNetworkInherited",
            "ddos_protection_plan_id": null,
            "domain_name_label": null,
            "edge_zone": "",
            "fqdn": null,
            "id": "/subscriptions/ad6befd3-6a77-4714-b24d-181b38cb2753/resourceGroups/Azuredevops/providers/Microsoft.Network/publicIPAddresses/vinhpn-public-ip",
            "idle_timeout_in_minutes": 4,
            "ip_address": "74.235.241.98",
            "ip_tags": {},
            "ip_version": "IPv4",
            "location": "eastus",
            "name": "vinhpn-public-ip",
            "public_ip_prefix_id": null,
            "resource_group_name": "Azuredevops",
            "reverse_fqdn": null,
            "sku": "Basic",
            "sku_tier": "Regional",
            "tags": {
              "Owner": "VinhPN"
            },
            "timeouts": null,
            "zones": []
          },
          "sensitive_attributes": [],
          "private": "eyJlMmJmYjczMC1lY2FhLTExZTYtOGY4OC0zNDM2M2JjN2M0YzAiOnsiY3JlYXRlIjoxODAwMDAwMDAwMDAwLCJkZWxldGUiOjE4MDAwMDAwMDAwMDAsInJlYWQiOjMwMDAwMDAwMDAwMCwidXBkYXRlIjoxODAwMDAwMDAwMDAwfX0="
        }
      ]
    },
    {
      "mode": "managed",
      "type": "azurerm_subnet",
      "name": "main",
      "provider": "provider[\"registry.terraform.io/hashicorp/azurerm\"]",
      "instances": [
        {
          "schema_version": 0,
          "attributes": {
            "address_prefixes": [
              "10.0.2.0/24"
            ],
            "delegation": [],
            "enforce_private_link_endpoint_network_policies": false,
            "enforce_private_link_service_network_policies": false,
            "id": "/subscriptions/ad6befd3-6a77-4714-b24d-181b38cb2753/resourceGroups/Azuredevops/providers/Microsoft.Network/virtualNetworks/vinhpn-network/subnets/vinhpn-subnet",
            "name": "vinhpn-subnet",
            "private_endpoint_network_policies_enabled": true,
            "private_link_service_network_policies_enabled": true,
            "resource_group_name": "Azuredevops",
            "service_endpoint_policy_ids": [],
            "service_endpoints": [],
            "timeouts": null,
            "virtual_network_name": "vinhpn-network"
          },
          "sensitive_attributes": [],
          "private": "eyJlMmJmYjczMC1lY2FhLTExZTYtOGY4OC0zNDM2M2JjN2M0YzAiOnsiY3JlYXRlIjoxODAwMDAwMDAwMDAwLCJkZWxldGUiOjE4MDAwMDAwMDAwMDAsInJlYWQiOjMwMDAwMDAwMDAwMCwidXBkYXRlIjoxODAwMDAwMDAwMDAwfX0=",
          "dependencies": [
            "azurerm_virtual_network.main"
          ]
        }
      ]
    },
    {
      "mode": "managed",
      "type": "azurerm_subnet_network_security_group_association",
      "name": "main",
      "provider": "provider[\"registry.terraform.io/hashicorp/azurerm\"]",
      "instances": [
        {
          "schema_version": 0,
          "attributes": {
            "id": "/subscriptions/ad6befd3-6a77-4714-b24d-181b38cb2753/resourceGroups/Azuredevops/providers/Microsoft.Network/virtualNetworks/vinhpn-network/subnets/vinhpn-subnet",
            "network_security_group_id": "/subscriptions/ad6befd3-6a77-4714-b24d-181b38cb2753/resourceGroups/Azuredevops/providers/Microsoft.Network/networkSecurityGroups/vinhpn-security-group",
            "subnet_id": "/subscriptions/ad6befd3-6a77-4714-b24d-181b38cb2753/resourceGroups/Azuredevops/providers/Microsoft.Network/virtualNetworks/vinhpn-network/subnets/vinhpn-subnet",
            "timeouts": null
          },
          "sensitive_attributes": [],
          "private": "eyJlMmJmYjczMC1lY2FhLTExZTYtOGY4OC0zNDM2M2JjN2M0YzAiOnsiY3JlYXRlIjoxODAwMDAwMDAwMDAwLCJkZWxldGUiOjE4MDAwMDAwMDAwMDAsInJlYWQiOjMwMDAwMDAwMDAwMCwidXBkYXRlIjoxODAwMDAwMDAwMDAwfX0=",
          "dependencies": [
            "azurerm_network_security_group.main",
            "azurerm_subnet.main",
            "azurerm_virtual_network.main"
          ]
        }
      ]
    },
    {
      "mode": "managed",
      "type": "azurerm_virtual_network",
      "name": "main",
      "provider": "provider[\"registry.terraform.io/hashicorp/azurerm\"]",
      "instances": [
        {
          "schema_version": 0,
          "attributes": {
            "address_space": [
              "10.0.0.0/22"
            ],
            "bgp_community": "",
            "ddos_protection_plan": [],
            "dns_servers": [],
            "edge_zone": "",
            "flow_timeout_in_minutes": 0,
            "guid": "383cafea-0a00-416c-82d1-d24dd97e62b1",
            "id": "/subscriptions/ad6befd3-6a77-4714-b24d-181b38cb2753/resourceGroups/Azuredevops/providers/Microsoft.Network/virtualNetworks/vinhpn-network",
            "location": "eastus",
            "name": "vinhpn-network",
            "resource_group_name": "Azuredevops",
            "subnet": [
              {
                "address_prefix": "10.0.2.0/24",
                "id": "/subscriptions/ad6befd3-6a77-4714-b24d-181b38cb2753/resourceGroups/Azuredevops/providers/Microsoft.Network/virtualNetworks/vinhpn-network/subnets/vinhpn-subnet",
                "name": "vinhpn-subnet",
                "security_group": "/subscriptions/ad6befd3-6a77-4714-b24d-181b38cb2753/resourceGroups/Azuredevops/providers/Microsoft.Network/networkSecurityGroups/vinhpn-security-group"
              }
            ],
            "tags": {
              "Owner": "VinhPN"
            },
            "timeouts": null
          },
          "sensitive_attributes": [],
          "private": "eyJlMmJmYjczMC1lY2FhLTExZTYtOGY4OC0zNDM2M2JjN2M0YzAiOnsiY3JlYXRlIjoxODAwMDAwMDAwMDAwLCJkZWxldGUiOjE4MDAwMDAwMDAwMDAsInJlYWQiOjMwMDAwMDAwMDAwMCwidXBkYXRlIjoxODAwMDAwMDAwMDAwfX0="
        }
      ]
    }
  ],
  "check_results": null
}
